
Microsoft Visual Studio Solution File, Format Version 12.00
# Visual Studio 15
VisualStudioVersion = 15.0.26403.7
MinimumVisualStudioVersion = 10.0.40219.1
Project("{FAE04EC0-301F-11D3-BF4B-00C04F79EFBC}") = "CenturiesToMinutes", "CenturiesToMinutes\CenturiesToMinutes.csproj", "{0F05BC44-A997-4D25-8F9D-32B7C98248C9}"
EndProject
Project("{FAE04EC0-301F-11D3-BF4B-00C04F79EFBC}") = "CircleArea", "CircleArea\CircleArea.csproj", "{64F0851B-1CB8-4CF7-8E9A-8CFFFEAD813F}"
EndProject
Project("{FAE04EC0-301F-11D3-BF4B-00C04F79EFBC}") = "ExtractSumOfRealNumbers", "ExtractSumOfRealNumbers\ExtractSumOfRealNumbers.csproj", "{BE6AED11-8403-4560-92F2-C6AB3F6B0DED}"
EndProject
Project("{FAE04EC0-301F-11D3-BF4B-00C04F79EFBC}") = "Eleveator", "Eleveator\Eleveator.csproj", "{239D6E67-EA7C-46DF-828B-2C44E1303092}"
EndProject
Project("{FAE04EC0-301F-11D3-BF4B-00C04F79EFBC}") = "SpecialNumbers", "SpecialNumbers\SpecialNumbers.csproj", "{9BD5385C-B601-4709-8E5E-11621C4C2179}"
EndProject
Project("{FAE04EC0-301F-11D3-BF4B-00C04F79EFBC}") = "TripLetters", "TripLetters\TripLetters.csproj", "{B797DD98-292D-4BA5-8314-77805F77BEC8}"
EndProject
Project("{FAE04EC0-301F-11D3-BF4B-00C04F79EFBC}") = "Greeting", "Greeting\Greeting.csproj", "{6585E3D9-73DE-48A8-B365-FFD5BD0135DD}"
EndProject
Project("{FAE04EC0-301F-11D3-BF4B-00C04F79EFBC}") = "RefactorVolumePyramid", "RefactorVolumePyramid\RefactorVolumePyramid.csproj", "{FD2FED44-1CBD-4DEF-A9DD-BA2A78B52E7E}"
EndProject
Project("{FAE04EC0-301F-11D3-BF4B-00C04F79EFBC}") = "RefactorSpecialNumbers", "RefactorSpecialNumbers\RefactorSpecialNumbers.csproj", "{9EC5868E-C61B-4E1C-B0F4-5660C50A12D3}"
EndProject
Project("{FAE04EC0-301F-11D3-BF4B-00C04F79EFBC}") = "PracticeIntNumbers", "PracticeIntNumbers\PracticeIntNumbers.csproj", "{4195B786-5CD5-422F-A3BB-6CB19557CC92}"
EndProject
Project("{FAE04EC0-301F-11D3-BF4B-00C04F79EFBC}") = "PracticeFloating", "PracticeFloating\PracticeFloating.csproj", "{3CED87C6-0703-41B6-9E5D-14270F6A8CBA}"
EndProject
Project("{FAE04EC0-301F-11D3-BF4B-00C04F79EFBC}") = "PracticeCharsAndStrings", "PracticeCharsAndStrings\PracticeCharsAndStrings.csproj", "{CC758C45-4115-4499-8734-4A69788380AE}"
EndProject
Project("{FAE04EC0-301F-11D3-BF4B-00C04F79EFBC}") = "InHex", "InHex\InHex.csproj", "{8DFCE80D-A714-4771-8B9F-CE4348C9B6B0}"
EndProject
Project("{FAE04EC0-301F-11D3-BF4B-00C04F79EFBC}") = "BooleanVariables", "BooleanVariables\BooleanVariables.csproj", "{975897FB-E30E-42DA-B23C-A7840FE3C8F4}"
EndProject
Project("{FAE04EC0-301F-11D3-BF4B-00C04F79EFBC}") = "StringsObjects", "StringsObjects\StringsObjects.csproj", "{ED87182A-4E6E-4DCF-8F33-D934D2A6142F}"
EndProject
Project("{FAE04EC0-301F-11D3-BF4B-00C04F79EFBC}") = "ExchangeVariableValue", "ExchangeVariableValue\ExchangeVariableValue.csproj", "{4D7CE2F2-7C94-47F2-922D-68F14E1D9FBF}"
EndProject
Project("{FAE04EC0-301F-11D3-BF4B-00C04F79EFBC}") = "EmployeeData", "EmployeeData\EmployeeData.csproj", "{9A4D619F-AD69-4AD7-BB0D-5D0663AEE5D1}"
EndProject
Project("{FAE04EC0-301F-11D3-BF4B-00C04F79EFBC}") = "ReverseChars", "ReverseChars\ReverseChars.csproj", "{280DB000-7CCC-4339-ACE0-BDD939D59CA0}"
EndProject
Project("{FAE04EC0-301F-11D3-BF4B-00C04F79EFBC}") = "CenturiesToNanoseconds", "CenturiesToNanoseconds\CenturiesToNanoseconds.csproj", "{8BF484BA-164B-45E1-AF81-B1A6ADAFBF5F}"
EndProject
Project("{FAE04EC0-301F-11D3-BF4B-00C04F79EFBC}") = "SpeedUnits", "SpeedUnits\SpeedUnits.csproj", "{1071EF08-4644-4D78-AD6D-E479832659F1}"
EndProject
Project("{FAE04EC0-301F-11D3-BF4B-00C04F79EFBC}") = "RectangleProperties", "RectangleProperties\RectangleProperties.csproj", "{5228758D-7F24-4192-897A-22B0D47605E0}"
EndProject
Project("{FAE04EC0-301F-11D3-BF4B-00C04F79EFBC}") = "VowelOrDigit", "VowelOrDigit\VowelOrDigit.csproj", "{F49F51FD-5DAA-48D9-849D-D02CCDDA3894}"
EndProject
Project("{FAE04EC0-301F-11D3-BF4B-00C04F79EFBC}") = "IntToHexAndBinary", "IntToHexAndBinary\IntToHexAndBinary.csproj", "{32C8F053-B773-4762-AB47-0BDF8A5FF1AE}"
EndProject
Project("{FAE04EC0-301F-11D3-BF4B-00C04F79EFBC}") = "FastPrimeChecker", "FastPrimeChecker\FastPrimeChecker.csproj", "{0C259510-7B1F-497F-918F-55D3C74321C3}"
EndProject
Project("{FAE04EC0-301F-11D3-BF4B-00C04F79EFBC}") = "CompareFloats", "CompareFloats\CompareFloats.csproj", "{BE8BDE92-6868-4887-8A86-ED50834A811C}"
EndProject
Project("{FAE04EC0-301F-11D3-BF4B-00C04F79EFBC}") = "PartOfAscii", "PartOfAscii\PartOfAscii.csproj", "{89F298DA-FF3C-48AF-BA7D-F985D43BCFC9}"
EndProject
Project("{FAE04EC0-301F-11D3-BF4B-00C04F79EFBC}") = "DifferentIntegerSize", "DifferentIntegerSize\DifferentIntegerSize.csproj", "{ECBBFD48-7A96-451D-AAF2-0322629C43BE}"
EndProject
Project("{FAE04EC0-301F-11D3-BF4B-00C04F79EFBC}") = "ThePhotographer", "thePhotographer\ThePhotographer.csproj", "{E68073CB-F78C-41C2-9D9F-64F17FD9907C}"
EndProject
Project("{FAE04EC0-301F-11D3-BF4B-00C04F79EFBC}") = "TypeBoundaries", "TypeBoundaries\TypeBoundaries.csproj", "{3E12951B-6725-4A5B-A9F4-22A16F7CFD19}"
EndProject
Project("{FAE04EC0-301F-11D3-BF4B-00C04F79EFBC}") = "NumberChecker", "NumberChecker\NumberChecker.csproj", "{B30E168D-31FB-49B4-8619-2954D2EC2E18}"
EndProject
Project("{FAE04EC0-301F-11D3-BF4B-00C04F79EFBC}") = "WaterOverlfow", "WaterOverlfow\WaterOverlfow.csproj", "{6703398B-0379-40FB-9C3D-1CF7493BEACF}"
EndProject
Project("{FAE04EC0-301F-11D3-BF4B-00C04F79EFBC}") = "TouristInformation", "TouristInformation\TouristInformation.csproj", "{38427983-2AEA-49CD-934F-9AD321074C67}"
EndProject
Project("{FAE04EC0-301F-11D3-BF4B-00C04F79EFBC}") = "WeatherForcast", "WeatherForcast\WeatherForcast.csproj", "{43F286EA-9C24-42AA-AE49-0AD2879EA173}"
EndProject
Project("{FAE04EC0-301F-11D3-BF4B-00C04F79EFBC}") = "CatchThief", "CatchThief\CatchThief.csproj", "{6631E24D-A9F8-4A2E-8C60-D2E44393149C}"
EndProject
Project("{FAE04EC0-301F-11D3-BF4B-00C04F79EFBC}") = "SentenceThief", "SentenceThief\SentenceThief.csproj", "{4C578D65-041F-4BE2-83E1-65DAB890577F}"
EndProject
Project("{FAE04EC0-301F-11D3-BF4B-00C04F79EFBC}") = "HouseBuilder", "HouseBuilder\HouseBuilder.csproj", "{3AFB0902-23E2-4B62-864B-F478AB630ABB}"
EndProject
Project("{FAE04EC0-301F-11D3-BF4B-00C04F79EFBC}") = "MakeWord", "MakeWord\MakeWord.csproj", "{07FBD2C3-5AE0-4384-A500-8E623D676338}"
EndProject
Project("{FAE04EC0-301F-11D3-BF4B-00C04F79EFBC}") = "SumChars", "SumChars\SumChars.csproj", "{68C11271-BA3B-473A-AF4A-FD525A7BA2EA}"
EndProject
Project("{FAE04EC0-301F-11D3-BF4B-00C04F79EFBC}") = "StringConcatenation", "StringConcatenation\StringConcatenation.csproj", "{848A0BE0-95B2-4913-A387-12C88621D855}"
EndProject
Project("{FAE04EC0-301F-11D3-BF4B-00C04F79EFBC}") = "BeerKegs", "BeerKegs\BeerKegs.csproj", "{74994414-5EE2-4A34-8E22-DE232A231B28}"
EndProject
Project("{FAE04EC0-301F-11D3-BF4B-00C04F79EFBC}") = "DecryptingMessage", "DecryptingMessage\DecryptingMessage.csproj", "{C3942EC9-F11B-4CF2-9939-AE35D1190DAA}"
EndProject
Project("{FAE04EC0-301F-11D3-BF4B-00C04F79EFBC}") = "BoatSimulator", "BoatSimulator\BoatSimulator.csproj", "{3C24D26A-3078-41DA-877B-AB1CCE846B9D}"
EndProject
Project("{FAE04EC0-301F-11D3-BF4B-00C04F79EFBC}") = "BalancedBrackets", "BalancedBrackets\BalancedBrackets.csproj", "{C8A7CE2F-EB03-4224-996E-7F3BB75C56E5}"
EndProject
Global
	GlobalSection(SolutionConfigurationPlatforms) = preSolution
		Debug|Any CPU = Debug|Any CPU
		Release|Any CPU = Release|Any CPU
	EndGlobalSection
	GlobalSection(ProjectConfigurationPlatforms) = postSolution
		{0F05BC44-A997-4D25-8F9D-32B7C98248C9}.Debug|Any CPU.ActiveCfg = Debug|Any CPU
		{0F05BC44-A997-4D25-8F9D-32B7C98248C9}.Debug|Any CPU.Build.0 = Debug|Any CPU
		{0F05BC44-A997-4D25-8F9D-32B7C98248C9}.Release|Any CPU.ActiveCfg = Release|Any CPU
		{0F05BC44-A997-4D25-8F9D-32B7C98248C9}.Release|Any CPU.Build.0 = Release|Any CPU
		{64F0851B-1CB8-4CF7-8E9A-8CFFFEAD813F}.Debug|Any CPU.ActiveCfg = Debug|Any CPU
		{64F0851B-1CB8-4CF7-8E9A-8CFFFEAD813F}.Debug|Any CPU.Build.0 = Debug|Any CPU
		{64F0851B-1CB8-4CF7-8E9A-8CFFFEAD813F}.Release|Any CPU.ActiveCfg = Release|Any CPU
		{64F0851B-1CB8-4CF7-8E9A-8CFFFEAD813F}.Release|Any CPU.Build.0 = Release|Any CPU
		{BE6AED11-8403-4560-92F2-C6AB3F6B0DED}.Debug|Any CPU.ActiveCfg = Debug|Any CPU
		{BE6AED11-8403-4560-92F2-C6AB3F6B0DED}.Debug|Any CPU.Build.0 = Debug|Any CPU
		{BE6AED11-8403-4560-92F2-C6AB3F6B0DED}.Release|Any CPU.ActiveCfg = Release|Any CPU
		{BE6AED11-8403-4560-92F2-C6AB3F6B0DED}.Release|Any CPU.Build.0 = Release|Any CPU
		{239D6E67-EA7C-46DF-828B-2C44E1303092}.Debug|Any CPU.ActiveCfg = Debug|Any CPU
		{239D6E67-EA7C-46DF-828B-2C44E1303092}.Debug|Any CPU.Build.0 = Debug|Any CPU
		{239D6E67-EA7C-46DF-828B-2C44E1303092}.Release|Any CPU.ActiveCfg = Release|Any CPU
		{239D6E67-EA7C-46DF-828B-2C44E1303092}.Release|Any CPU.Build.0 = Release|Any CPU
		{9BD5385C-B601-4709-8E5E-11621C4C2179}.Debug|Any CPU.ActiveCfg = Debug|Any CPU
		{9BD5385C-B601-4709-8E5E-11621C4C2179}.Debug|Any CPU.Build.0 = Debug|Any CPU
		{9BD5385C-B601-4709-8E5E-11621C4C2179}.Release|Any CPU.ActiveCfg = Release|Any CPU
		{9BD5385C-B601-4709-8E5E-11621C4C2179}.Release|Any CPU.Build.0 = Release|Any CPU
		{B797DD98-292D-4BA5-8314-77805F77BEC8}.Debug|Any CPU.ActiveCfg = Debug|Any CPU
		{B797DD98-292D-4BA5-8314-77805F77BEC8}.Debug|Any CPU.Build.0 = Debug|Any CPU
		{B797DD98-292D-4BA5-8314-77805F77BEC8}.Release|Any CPU.ActiveCfg = Release|Any CPU
		{B797DD98-292D-4BA5-8314-77805F77BEC8}.Release|Any CPU.Build.0 = Release|Any CPU
		{6585E3D9-73DE-48A8-B365-FFD5BD0135DD}.Debug|Any CPU.ActiveCfg = Debug|Any CPU
		{6585E3D9-73DE-48A8-B365-FFD5BD0135DD}.Debug|Any CPU.Build.0 = Debug|Any CPU
		{6585E3D9-73DE-48A8-B365-FFD5BD0135DD}.Release|Any CPU.ActiveCfg = Release|Any CPU
		{6585E3D9-73DE-48A8-B365-FFD5BD0135DD}.Release|Any CPU.Build.0 = Release|Any CPU
		{FD2FED44-1CBD-4DEF-A9DD-BA2A78B52E7E}.Debug|Any CPU.ActiveCfg = Debug|Any CPU
		{FD2FED44-1CBD-4DEF-A9DD-BA2A78B52E7E}.Debug|Any CPU.Build.0 = Debug|Any CPU
		{FD2FED44-1CBD-4DEF-A9DD-BA2A78B52E7E}.Release|Any CPU.ActiveCfg = Release|Any CPU
		{FD2FED44-1CBD-4DEF-A9DD-BA2A78B52E7E}.Release|Any CPU.Build.0 = Release|Any CPU
		{9EC5868E-C61B-4E1C-B0F4-5660C50A12D3}.Debug|Any CPU.ActiveCfg = Debug|Any CPU
		{9EC5868E-C61B-4E1C-B0F4-5660C50A12D3}.Debug|Any CPU.Build.0 = Debug|Any CPU
		{9EC5868E-C61B-4E1C-B0F4-5660C50A12D3}.Release|Any CPU.ActiveCfg = Release|Any CPU
		{9EC5868E-C61B-4E1C-B0F4-5660C50A12D3}.Release|Any CPU.Build.0 = Release|Any CPU
		{4195B786-5CD5-422F-A3BB-6CB19557CC92}.Debug|Any CPU.ActiveCfg = Debug|Any CPU
		{4195B786-5CD5-422F-A3BB-6CB19557CC92}.Debug|Any CPU.Build.0 = Debug|Any CPU
		{4195B786-5CD5-422F-A3BB-6CB19557CC92}.Release|Any CPU.ActiveCfg = Release|Any CPU
		{4195B786-5CD5-422F-A3BB-6CB19557CC92}.Release|Any CPU.Build.0 = Release|Any CPU
		{3CED87C6-0703-41B6-9E5D-14270F6A8CBA}.Debug|Any CPU.ActiveCfg = Debug|Any CPU
		{3CED87C6-0703-41B6-9E5D-14270F6A8CBA}.Debug|Any CPU.Build.0 = Debug|Any CPU
		{3CED87C6-0703-41B6-9E5D-14270F6A8CBA}.Release|Any CPU.ActiveCfg = Release|Any CPU
		{3CED87C6-0703-41B6-9E5D-14270F6A8CBA}.Release|Any CPU.Build.0 = Release|Any CPU
		{CC758C45-4115-4499-8734-4A69788380AE}.Debug|Any CPU.ActiveCfg = Debug|Any CPU
		{CC758C45-4115-4499-8734-4A69788380AE}.Debug|Any CPU.Build.0 = Debug|Any CPU
		{CC758C45-4115-4499-8734-4A69788380AE}.Release|Any CPU.ActiveCfg = Release|Any CPU
		{CC758C45-4115-4499-8734-4A69788380AE}.Release|Any CPU.Build.0 = Release|Any CPU
		{8DFCE80D-A714-4771-8B9F-CE4348C9B6B0}.Debug|Any CPU.ActiveCfg = Debug|Any CPU
		{8DFCE80D-A714-4771-8B9F-CE4348C9B6B0}.Debug|Any CPU.Build.0 = Debug|Any CPU
		{8DFCE80D-A714-4771-8B9F-CE4348C9B6B0}.Release|Any CPU.ActiveCfg = Release|Any CPU
		{8DFCE80D-A714-4771-8B9F-CE4348C9B6B0}.Release|Any CPU.Build.0 = Release|Any CPU
		{975897FB-E30E-42DA-B23C-A7840FE3C8F4}.Debug|Any CPU.ActiveCfg = Debug|Any CPU
		{975897FB-E30E-42DA-B23C-A7840FE3C8F4}.Debug|Any CPU.Build.0 = Debug|Any CPU
		{975897FB-E30E-42DA-B23C-A7840FE3C8F4}.Release|Any CPU.ActiveCfg = Release|Any CPU
		{975897FB-E30E-42DA-B23C-A7840FE3C8F4}.Release|Any CPU.Build.0 = Release|Any CPU
		{ED87182A-4E6E-4DCF-8F33-D934D2A6142F}.Debug|Any CPU.ActiveCfg = Debug|Any CPU
		{ED87182A-4E6E-4DCF-8F33-D934D2A6142F}.Debug|Any CPU.Build.0 = Debug|Any CPU
		{ED87182A-4E6E-4DCF-8F33-D934D2A6142F}.Release|Any CPU.ActiveCfg = Release|Any CPU
		{ED87182A-4E6E-4DCF-8F33-D934D2A6142F}.Release|Any CPU.Build.0 = Release|Any CPU
		{4D7CE2F2-7C94-47F2-922D-68F14E1D9FBF}.Debug|Any CPU.ActiveCfg = Debug|Any CPU
		{4D7CE2F2-7C94-47F2-922D-68F14E1D9FBF}.Debug|Any CPU.Build.0 = Debug|Any CPU
		{4D7CE2F2-7C94-47F2-922D-68F14E1D9FBF}.Release|Any CPU.ActiveCfg = Release|Any CPU
		{4D7CE2F2-7C94-47F2-922D-68F14E1D9FBF}.Release|Any CPU.Build.0 = Release|Any CPU
		{9A4D619F-AD69-4AD7-BB0D-5D0663AEE5D1}.Debug|Any CPU.ActiveCfg = Debug|Any CPU
		{9A4D619F-AD69-4AD7-BB0D-5D0663AEE5D1}.Debug|Any CPU.Build.0 = Debug|Any CPU
		{9A4D619F-AD69-4AD7-BB0D-5D0663AEE5D1}.Release|Any CPU.ActiveCfg = Release|Any CPU
		{9A4D619F-AD69-4AD7-BB0D-5D0663AEE5D1}.Release|Any CPU.Build.0 = Release|Any CPU
		{280DB000-7CCC-4339-ACE0-BDD939D59CA0}.Debug|Any CPU.ActiveCfg = Debug|Any CPU
		{280DB000-7CCC-4339-ACE0-BDD939D59CA0}.Debug|Any CPU.Build.0 = Debug|Any CPU
		{280DB000-7CCC-4339-ACE0-BDD939D59CA0}.Release|Any CPU.ActiveCfg = Release|Any CPU
		{280DB000-7CCC-4339-ACE0-BDD939D59CA0}.Release|Any CPU.Build.0 = Release|Any CPU
		{8BF484BA-164B-45E1-AF81-B1A6ADAFBF5F}.Debug|Any CPU.ActiveCfg = Debug|Any CPU
		{8BF484BA-164B-45E1-AF81-B1A6ADAFBF5F}.Debug|Any CPU.Build.0 = Debug|Any CPU
		{8BF484BA-164B-45E1-AF81-B1A6ADAFBF5F}.Release|Any CPU.ActiveCfg = Release|Any CPU
		{8BF484BA-164B-45E1-AF81-B1A6ADAFBF5F}.Release|Any CPU.Build.0 = Release|Any CPU
		{1071EF08-4644-4D78-AD6D-E479832659F1}.Debug|Any CPU.ActiveCfg = Debug|Any CPU
		{1071EF08-4644-4D78-AD6D-E479832659F1}.Debug|Any CPU.Build.0 = Debug|Any CPU
		{1071EF08-4644-4D78-AD6D-E479832659F1}.Release|Any CPU.ActiveCfg = Release|Any CPU
		{1071EF08-4644-4D78-AD6D-E479832659F1}.Release|Any CPU.Build.0 = Release|Any CPU
		{5228758D-7F24-4192-897A-22B0D47605E0}.Debug|Any CPU.ActiveCfg = Debug|Any CPU
		{5228758D-7F24-4192-897A-22B0D47605E0}.Debug|Any CPU.Build.0 = Debug|Any CPU
		{5228758D-7F24-4192-897A-22B0D47605E0}.Release|Any CPU.ActiveCfg = Release|Any CPU
		{5228758D-7F24-4192-897A-22B0D47605E0}.Release|Any CPU.Build.0 = Release|Any CPU
		{F49F51FD-5DAA-48D9-849D-D02CCDDA3894}.Debug|Any CPU.ActiveCfg = Debug|Any CPU
		{F49F51FD-5DAA-48D9-849D-D02CCDDA3894}.Debug|Any CPU.Build.0 = Debug|Any CPU
		{F49F51FD-5DAA-48D9-849D-D02CCDDA3894}.Release|Any CPU.ActiveCfg = Release|Any CPU
		{F49F51FD-5DAA-48D9-849D-D02CCDDA3894}.Release|Any CPU.Build.0 = Release|Any CPU
		{32C8F053-B773-4762-AB47-0BDF8A5FF1AE}.Debug|Any CPU.ActiveCfg = Debug|Any CPU
		{32C8F053-B773-4762-AB47-0BDF8A5FF1AE}.Debug|Any CPU.Build.0 = Debug|Any CPU
		{32C8F053-B773-4762-AB47-0BDF8A5FF1AE}.Release|Any CPU.ActiveCfg = Release|Any CPU
		{32C8F053-B773-4762-AB47-0BDF8A5FF1AE}.Release|Any CPU.Build.0 = Release|Any CPU
		{0C259510-7B1F-497F-918F-55D3C74321C3}.Debug|Any CPU.ActiveCfg = Debug|Any CPU
		{0C259510-7B1F-497F-918F-55D3C74321C3}.Debug|Any CPU.Build.0 = Debug|Any CPU
		{0C259510-7B1F-497F-918F-55D3C74321C3}.Release|Any CPU.ActiveCfg = Release|Any CPU
		{0C259510-7B1F-497F-918F-55D3C74321C3}.Release|Any CPU.Build.0 = Release|Any CPU
		{BE8BDE92-6868-4887-8A86-ED50834A811C}.Debug|Any CPU.ActiveCfg = Debug|Any CPU
		{BE8BDE92-6868-4887-8A86-ED50834A811C}.Debug|Any CPU.Build.0 = Debug|Any CPU
		{BE8BDE92-6868-4887-8A86-ED50834A811C}.Release|Any CPU.ActiveCfg = Release|Any CPU
		{BE8BDE92-6868-4887-8A86-ED50834A811C}.Release|Any CPU.Build.0 = Release|Any CPU
		{89F298DA-FF3C-48AF-BA7D-F985D43BCFC9}.Debug|Any CPU.ActiveCfg = Debug|Any CPU
		{89F298DA-FF3C-48AF-BA7D-F985D43BCFC9}.Debug|Any CPU.Build.0 = Debug|Any CPU
		{89F298DA-FF3C-48AF-BA7D-F985D43BCFC9}.Release|Any CPU.ActiveCfg = Release|Any CPU
		{89F298DA-FF3C-48AF-BA7D-F985D43BCFC9}.Release|Any CPU.Build.0 = Release|Any CPU
		{ECBBFD48-7A96-451D-AAF2-0322629C43BE}.Debug|Any CPU.ActiveCfg = Debug|Any CPU
		{ECBBFD48-7A96-451D-AAF2-0322629C43BE}.Debug|Any CPU.Build.0 = Debug|Any CPU
		{ECBBFD48-7A96-451D-AAF2-0322629C43BE}.Release|Any CPU.ActiveCfg = Release|Any CPU
		{ECBBFD48-7A96-451D-AAF2-0322629C43BE}.Release|Any CPU.Build.0 = Release|Any CPU
		{E68073CB-F78C-41C2-9D9F-64F17FD9907C}.Debug|Any CPU.ActiveCfg = Debug|Any CPU
		{E68073CB-F78C-41C2-9D9F-64F17FD9907C}.Debug|Any CPU.Build.0 = Debug|Any CPU
		{E68073CB-F78C-41C2-9D9F-64F17FD9907C}.Release|Any CPU.ActiveCfg = Release|Any CPU
		{E68073CB-F78C-41C2-9D9F-64F17FD9907C}.Release|Any CPU.Build.0 = Release|Any CPU
		{3E12951B-6725-4A5B-A9F4-22A16F7CFD19}.Debug|Any CPU.ActiveCfg = Debug|Any CPU
		{3E12951B-6725-4A5B-A9F4-22A16F7CFD19}.Debug|Any CPU.Build.0 = Debug|Any CPU
		{3E12951B-6725-4A5B-A9F4-22A16F7CFD19}.Release|Any CPU.ActiveCfg = Release|Any CPU
		{3E12951B-6725-4A5B-A9F4-22A16F7CFD19}.Release|Any CPU.Build.0 = Release|Any CPU
		{B30E168D-31FB-49B4-8619-2954D2EC2E18}.Debug|Any CPU.ActiveCfg = Debug|Any CPU
		{B30E168D-31FB-49B4-8619-2954D2EC2E18}.Debug|Any CPU.Build.0 = Debug|Any CPU
		{B30E168D-31FB-49B4-8619-2954D2EC2E18}.Release|Any CPU.ActiveCfg = Release|Any CPU
		{B30E168D-31FB-49B4-8619-2954D2EC2E18}.Release|Any CPU.Build.0 = Release|Any CPU
		{6703398B-0379-40FB-9C3D-1CF7493BEACF}.Debug|Any CPU.ActiveCfg = Debug|Any CPU
		{6703398B-0379-40FB-9C3D-1CF7493BEACF}.Debug|Any CPU.Build.0 = Debug|Any CPU
		{6703398B-0379-40FB-9C3D-1CF7493BEACF}.Release|Any CPU.ActiveCfg = Release|Any CPU
		{6703398B-0379-40FB-9C3D-1CF7493BEACF}.Release|Any CPU.Build.0 = Release|Any CPU
		{38427983-2AEA-49CD-934F-9AD321074C67}.Debug|Any CPU.ActiveCfg = Debug|Any CPU
		{38427983-2AEA-49CD-934F-9AD321074C67}.Debug|Any CPU.Build.0 = Debug|Any CPU
		{38427983-2AEA-49CD-934F-9AD321074C67}.Release|Any CPU.ActiveCfg = Release|Any CPU
		{38427983-2AEA-49CD-934F-9AD321074C67}.Release|Any CPU.Build.0 = Release|Any CPU
		{43F286EA-9C24-42AA-AE49-0AD2879EA173}.Debug|Any CPU.ActiveCfg = Debug|Any CPU
		{43F286EA-9C24-42AA-AE49-0AD2879EA173}.Debug|Any CPU.Build.0 = Debug|Any CPU
		{43F286EA-9C24-42AA-AE49-0AD2879EA173}.Release|Any CPU.ActiveCfg = Release|Any CPU
		{43F286EA-9C24-42AA-AE49-0AD2879EA173}.Release|Any CPU.Build.0 = Release|Any CPU
		{6631E24D-A9F8-4A2E-8C60-D2E44393149C}.Debug|Any CPU.ActiveCfg = Debug|Any CPU
		{6631E24D-A9F8-4A2E-8C60-D2E44393149C}.Debug|Any CPU.Build.0 = Debug|Any CPU
		{6631E24D-A9F8-4A2E-8C60-D2E44393149C}.Release|Any CPU.ActiveCfg = Release|Any CPU
		{6631E24D-A9F8-4A2E-8C60-D2E44393149C}.Release|Any CPU.Build.0 = Release|Any CPU
		{4C578D65-041F-4BE2-83E1-65DAB890577F}.Debug|Any CPU.ActiveCfg = Debug|Any CPU
		{4C578D65-041F-4BE2-83E1-65DAB890577F}.Debug|Any CPU.Build.0 = Debug|Any CPU
		{4C578D65-041F-4BE2-83E1-65DAB890577F}.Release|Any CPU.ActiveCfg = Release|Any CPU
		{4C578D65-041F-4BE2-83E1-65DAB890577F}.Release|Any CPU.Build.0 = Release|Any CPU
		{3AFB0902-23E2-4B62-864B-F478AB630ABB}.Debug|Any CPU.ActiveCfg = Debug|Any CPU
		{3AFB0902-23E2-4B62-864B-F478AB630ABB}.Debug|Any CPU.Build.0 = Debug|Any CPU
		{3AFB0902-23E2-4B62-864B-F478AB630ABB}.Release|Any CPU.ActiveCfg = Release|Any CPU
		{3AFB0902-23E2-4B62-864B-F478AB630ABB}.Release|Any CPU.Build.0 = Release|Any CPU
		{07FBD2C3-5AE0-4384-A500-8E623D676338}.Debug|Any CPU.ActiveCfg = Debug|Any CPU
		{07FBD2C3-5AE0-4384-A500-8E623D676338}.Debug|Any CPU.Build.0 = Debug|Any CPU
		{07FBD2C3-5AE0-4384-A500-8E623D676338}.Release|Any CPU.ActiveCfg = Release|Any CPU
		{07FBD2C3-5AE0-4384-A500-8E623D676338}.Release|Any CPU.Build.0 = Release|Any CPU
		{68C11271-BA3B-473A-AF4A-FD525A7BA2EA}.Debug|Any CPU.ActiveCfg = Debug|Any CPU
		{68C11271-BA3B-473A-AF4A-FD525A7BA2EA}.Debug|Any CPU.Build.0 = Debug|Any CPU
		{68C11271-BA3B-473A-AF4A-FD525A7BA2EA}.Release|Any CPU.ActiveCfg = Release|Any CPU
		{68C11271-BA3B-473A-AF4A-FD525A7BA2EA}.Release|Any CPU.Build.0 = Release|Any CPU
		{848A0BE0-95B2-4913-A387-12C88621D855}.Debug|Any CPU.ActiveCfg = Debug|Any CPU
		{848A0BE0-95B2-4913-A387-12C88621D855}.Debug|Any CPU.Build.0 = Debug|Any CPU
		{848A0BE0-95B2-4913-A387-12C88621D855}.Release|Any CPU.ActiveCfg = Release|Any CPU
		{848A0BE0-95B2-4913-A387-12C88621D855}.Release|Any CPU.Build.0 = Release|Any CPU
		{74994414-5EE2-4A34-8E22-DE232A231B28}.Debug|Any CPU.ActiveCfg = Debug|Any CPU
		{74994414-5EE2-4A34-8E22-DE232A231B28}.Debug|Any CPU.Build.0 = Debug|Any CPU
		{74994414-5EE2-4A34-8E22-DE232A231B28}.Release|Any CPU.ActiveCfg = Release|Any CPU
		{74994414-5EE2-4A34-8E22-DE232A231B28}.Release|Any CPU.Build.0 = Release|Any CPU
		{C3942EC9-F11B-4CF2-9939-AE35D1190DAA}.Debug|Any CPU.ActiveCfg = Debug|Any CPU
		{C3942EC9-F11B-4CF2-9939-AE35D1190DAA}.Debug|Any CPU.Build.0 = Debug|Any CPU
		{C3942EC9-F11B-4CF2-9939-AE35D1190DAA}.Release|Any CPU.ActiveCfg = Release|Any CPU
		{C3942EC9-F11B-4CF2-9939-AE35D1190DAA}.Release|Any CPU.Build.0 = Release|Any CPU
		{3C24D26A-3078-41DA-877B-AB1CCE846B9D}.Debug|Any CPU.ActiveCfg = Debug|Any CPU
		{3C24D26A-3078-41DA-877B-AB1CCE846B9D}.Debug|Any CPU.Build.0 = Debug|Any CPU
		{3C24D26A-3078-41DA-877B-AB1CCE846B9D}.Release|Any CPU.ActiveCfg = Release|Any CPU
		{3C24D26A-3078-41DA-877B-AB1CCE846B9D}.Release|Any CPU.Build.0 = Release|Any CPU
		{C8A7CE2F-EB03-4224-996E-7F3BB75C56E5}.Debug|Any CPU.ActiveCfg = Debug|Any CPU
		{C8A7CE2F-EB03-4224-996E-7F3BB75C56E5}.Debug|Any CPU.Build.0 = Debug|Any CPU
		{C8A7CE2F-EB03-4224-996E-7F3BB75C56E5}.Release|Any CPU.ActiveCfg = Release|Any CPU
		{C8A7CE2F-EB03-4224-996E-7F3BB75C56E5}.Release|Any CPU.Build.0 = Release|Any CPU
	EndGlobalSection
	GlobalSection(SolutionProperties) = preSolution
		HideSolutionNode = FALSE
	EndGlobalSection
EndGlobal
