
Microsoft Visual Studio Solution File, Format Version 12.00
# Visual Studio 15
VisualStudioVersion = 15.0.26403.7
MinimumVisualStudioVersion = 10.0.40219.1
Project("{FAE04EC0-301F-11D3-BF4B-00C04F79EFBC}") = "DebitCardNumber", "DebitCardNumber\DebitCardNumber.csproj", "{54BD7634-C271-48A2-B973-B75CCC978F8A}"
EndProject
Project("{FAE04EC0-301F-11D3-BF4B-00C04F79EFBC}") = "Rectangle", "Rectangle\Rectangle.csproj", "{5C9A4A1A-7531-4DC1-A0F2-45A1CBEFD5C5}"
EndProject
Project("{FAE04EC0-301F-11D3-BF4B-00C04F79EFBC}") = "MilesToKm", "MilesToKm\MilesToKm.csproj", "{9425B5DE-0069-457F-8D2F-8A11ABB16DE3}"
EndProject
Project("{FAE04EC0-301F-11D3-BF4B-00C04F79EFBC}") = "Drink", "Drink\Drink.csproj", "{7FF6415F-7D9C-4BF3-9A10-1AFE4200399F}"
EndProject
Project("{FAE04EC0-301F-11D3-BF4B-00C04F79EFBC}") = "CharStars", "CharStars\CharStars.csproj", "{EE86B496-4F5D-408D-B45E-E3B45506BB75}"
EndProject
Project("{FAE04EC0-301F-11D3-BF4B-00C04F79EFBC}") = "ChooseDrink", "ChooseDrink\ChooseDrink.csproj", "{BB711006-4C69-49D1-9192-5ED83688B32B}"
EndProject
Project("{FAE04EC0-301F-11D3-BF4B-00C04F79EFBC}") = "ChooseDrinkV2.0", "ChooseDrinkV2.0\ChooseDrinkV2.0.csproj", "{8B19BD35-66ED-4F5F-93C7-20CA4EBFDCA1}"
EndProject
Project("{FAE04EC0-301F-11D3-BF4B-00C04F79EFBC}") = "Restaurant", "Restaurant\Restaurant.csproj", "{6304F8D6-C0BD-4869-9733-0F80707F1DE3}"
EndProject
Project("{FAE04EC0-301F-11D3-BF4B-00C04F79EFBC}") = "Hotel", "Hotel\Hotel.csproj", "{88AB0F05-9963-4F14-A1A3-C804BA126F7D}"
EndProject
Project("{FAE04EC0-301F-11D3-BF4B-00C04F79EFBC}") = "Word", "Word\Word.csproj", "{40F877A1-BCC9-4F2D-ADCD-8E1297545D7F}"
EndProject
Project("{FAE04EC0-301F-11D3-BF4B-00C04F79EFBC}") = "intervalOfNumbers", "intervalOfNumbers\intervalOfNumbers.csproj", "{AC36A29A-BA6F-4AC4-BFAD-657588E7EF1D}"
EndProject
Project("{FAE04EC0-301F-11D3-BF4B-00C04F79EFBC}") = "Cake", "Cake\Cake.csproj", "{58795299-AB2D-4960-8FA6-B9BAD846AFC2}"
EndProject
Project("{FAE04EC0-301F-11D3-BF4B-00C04F79EFBC}") = "Calorie", "Calorie\Calorie.csproj", "{A153F97D-8F37-4302-93BC-A8F002AB4B5F}"
EndProject
Project("{FAE04EC0-301F-11D3-BF4B-00C04F79EFBC}") = "IntegersCount", "IntegersCount\IntegersCount.csproj", "{9BFA2F19-3D2E-4DE2-9230-4D222E69E833}"
EndProject
Project("{FAE04EC0-301F-11D3-BF4B-00C04F79EFBC}") = "TriangleOfNumbers", "TriangleOfNumbers\TriangleOfNumbers.csproj", "{1F56F9D1-7DD6-41F0-8D92-989C3EEB034E}"
EndProject
Project("{FAE04EC0-301F-11D3-BF4B-00C04F79EFBC}") = "DifferentNumbers", "DifferentNumbers\DifferentNumbers.csproj", "{122C5D0C-8895-4626-9871-DA7B5464054D}"
EndProject
Project("{FAE04EC0-301F-11D3-BF4B-00C04F79EFBC}") = "TestNumbers", "TestNumbers\TestNumbers.csproj", "{75B39054-36DA-4ACB-8CD5-1BE02BD43E5A}"
EndProject
Project("{FAE04EC0-301F-11D3-BF4B-00C04F79EFBC}") = "GameNumbers", "GameLetters\GameNumbers.csproj", "{CF991185-3568-480F-88CB-BC1D0AD9FE56}"
EndProject
Project("{FAE04EC0-301F-11D3-BF4B-00C04F79EFBC}") = "MagicLetter", "MagicLetter\MagicLetter.csproj", "{2929F3D8-4F83-41B8-AADD-C47EAC6DA656}"
EndProject
Project("{FAE04EC0-301F-11D3-BF4B-00C04F79EFBC}") = "NeighbourWars", "NeighbourWars\NeighbourWars.csproj", "{014FCA92-4829-4FEB-93BE-17502D1DE6F0}"
EndProject
Project("{FAE04EC0-301F-11D3-BF4B-00C04F79EFBC}") = "EKS", "EKS\EKS.csproj", "{70166857-4060-4884-A9BD-3BEC106AE258}"
EndProject
Project("{FAE04EC0-301F-11D3-BF4B-00C04F79EFBC}") = "VaporStor", "VaporStor\VaporStor.csproj", "{5A293A7D-7954-4F2F-AB7C-967E9A1A71F8}"
EndProject
Project("{FAE04EC0-301F-11D3-BF4B-00C04F79EFBC}") = "MegaPixel", "MegaPixel\MegaPixel.csproj", "{F7148799-BBCD-4205-871D-B7E803F39DCA}"
EndProject
Project("{FAE04EC0-301F-11D3-BF4B-00C04F79EFBC}") = "PhotoGallery", "PhotoGallery\PhotoGallery.csproj", "{D1BFBBD6-2049-4774-9A13-47F5CEEB7164}"
EndProject
Project("{FAE04EC0-301F-11D3-BF4B-00C04F79EFBC}") = "BMPCounter", "BMPCounter\BMPCounter.csproj", "{F8F1748E-2E7B-4C64-B69D-446D166B4F50}"
EndProject
Project("{FAE04EC0-301F-11D3-BF4B-00C04F79EFBC}") = "DNASequence", "DNASequence\DNASequence.csproj", "{9BB8A6E4-8589-4ADF-A3F4-61C3BDD34338}"
EndProject
Project("{FAE04EC0-301F-11D3-BF4B-00C04F79EFBC}") = "Traning", "Traning\Traning.csproj", "{9130B3EE-D4C3-4A21-9058-6E35639B368C}"
EndProject
Project("{FAE04EC0-301F-11D3-BF4B-00C04F79EFBC}") = "SMSTyping", "SMSTyping\SMSTyping.csproj", "{4C94F0BB-98C0-44FF-BEB1-E9A2E3D98BB8}"
EndProject
Global
	GlobalSection(SolutionConfigurationPlatforms) = preSolution
		Debug|Any CPU = Debug|Any CPU
		Release|Any CPU = Release|Any CPU
	EndGlobalSection
	GlobalSection(ProjectConfigurationPlatforms) = postSolution
		{54BD7634-C271-48A2-B973-B75CCC978F8A}.Debug|Any CPU.ActiveCfg = Debug|Any CPU
		{54BD7634-C271-48A2-B973-B75CCC978F8A}.Debug|Any CPU.Build.0 = Debug|Any CPU
		{54BD7634-C271-48A2-B973-B75CCC978F8A}.Release|Any CPU.ActiveCfg = Release|Any CPU
		{54BD7634-C271-48A2-B973-B75CCC978F8A}.Release|Any CPU.Build.0 = Release|Any CPU
		{5C9A4A1A-7531-4DC1-A0F2-45A1CBEFD5C5}.Debug|Any CPU.ActiveCfg = Debug|Any CPU
		{5C9A4A1A-7531-4DC1-A0F2-45A1CBEFD5C5}.Debug|Any CPU.Build.0 = Debug|Any CPU
		{5C9A4A1A-7531-4DC1-A0F2-45A1CBEFD5C5}.Release|Any CPU.ActiveCfg = Release|Any CPU
		{5C9A4A1A-7531-4DC1-A0F2-45A1CBEFD5C5}.Release|Any CPU.Build.0 = Release|Any CPU
		{9425B5DE-0069-457F-8D2F-8A11ABB16DE3}.Debug|Any CPU.ActiveCfg = Debug|Any CPU
		{9425B5DE-0069-457F-8D2F-8A11ABB16DE3}.Debug|Any CPU.Build.0 = Debug|Any CPU
		{9425B5DE-0069-457F-8D2F-8A11ABB16DE3}.Release|Any CPU.ActiveCfg = Release|Any CPU
		{9425B5DE-0069-457F-8D2F-8A11ABB16DE3}.Release|Any CPU.Build.0 = Release|Any CPU
		{7FF6415F-7D9C-4BF3-9A10-1AFE4200399F}.Debug|Any CPU.ActiveCfg = Debug|Any CPU
		{7FF6415F-7D9C-4BF3-9A10-1AFE4200399F}.Debug|Any CPU.Build.0 = Debug|Any CPU
		{7FF6415F-7D9C-4BF3-9A10-1AFE4200399F}.Release|Any CPU.ActiveCfg = Release|Any CPU
		{7FF6415F-7D9C-4BF3-9A10-1AFE4200399F}.Release|Any CPU.Build.0 = Release|Any CPU
		{EE86B496-4F5D-408D-B45E-E3B45506BB75}.Debug|Any CPU.ActiveCfg = Debug|Any CPU
		{EE86B496-4F5D-408D-B45E-E3B45506BB75}.Debug|Any CPU.Build.0 = Debug|Any CPU
		{EE86B496-4F5D-408D-B45E-E3B45506BB75}.Release|Any CPU.ActiveCfg = Release|Any CPU
		{EE86B496-4F5D-408D-B45E-E3B45506BB75}.Release|Any CPU.Build.0 = Release|Any CPU
		{BB711006-4C69-49D1-9192-5ED83688B32B}.Debug|Any CPU.ActiveCfg = Debug|Any CPU
		{BB711006-4C69-49D1-9192-5ED83688B32B}.Debug|Any CPU.Build.0 = Debug|Any CPU
		{BB711006-4C69-49D1-9192-5ED83688B32B}.Release|Any CPU.ActiveCfg = Release|Any CPU
		{BB711006-4C69-49D1-9192-5ED83688B32B}.Release|Any CPU.Build.0 = Release|Any CPU
		{8B19BD35-66ED-4F5F-93C7-20CA4EBFDCA1}.Debug|Any CPU.ActiveCfg = Debug|Any CPU
		{8B19BD35-66ED-4F5F-93C7-20CA4EBFDCA1}.Debug|Any CPU.Build.0 = Debug|Any CPU
		{8B19BD35-66ED-4F5F-93C7-20CA4EBFDCA1}.Release|Any CPU.ActiveCfg = Release|Any CPU
		{8B19BD35-66ED-4F5F-93C7-20CA4EBFDCA1}.Release|Any CPU.Build.0 = Release|Any CPU
		{6304F8D6-C0BD-4869-9733-0F80707F1DE3}.Debug|Any CPU.ActiveCfg = Debug|Any CPU
		{6304F8D6-C0BD-4869-9733-0F80707F1DE3}.Debug|Any CPU.Build.0 = Debug|Any CPU
		{6304F8D6-C0BD-4869-9733-0F80707F1DE3}.Release|Any CPU.ActiveCfg = Release|Any CPU
		{6304F8D6-C0BD-4869-9733-0F80707F1DE3}.Release|Any CPU.Build.0 = Release|Any CPU
		{88AB0F05-9963-4F14-A1A3-C804BA126F7D}.Debug|Any CPU.ActiveCfg = Debug|Any CPU
		{88AB0F05-9963-4F14-A1A3-C804BA126F7D}.Debug|Any CPU.Build.0 = Debug|Any CPU
		{88AB0F05-9963-4F14-A1A3-C804BA126F7D}.Release|Any CPU.ActiveCfg = Release|Any CPU
		{88AB0F05-9963-4F14-A1A3-C804BA126F7D}.Release|Any CPU.Build.0 = Release|Any CPU
		{40F877A1-BCC9-4F2D-ADCD-8E1297545D7F}.Debug|Any CPU.ActiveCfg = Debug|Any CPU
		{40F877A1-BCC9-4F2D-ADCD-8E1297545D7F}.Debug|Any CPU.Build.0 = Debug|Any CPU
		{40F877A1-BCC9-4F2D-ADCD-8E1297545D7F}.Release|Any CPU.ActiveCfg = Release|Any CPU
		{40F877A1-BCC9-4F2D-ADCD-8E1297545D7F}.Release|Any CPU.Build.0 = Release|Any CPU
		{AC36A29A-BA6F-4AC4-BFAD-657588E7EF1D}.Debug|Any CPU.ActiveCfg = Debug|Any CPU
		{AC36A29A-BA6F-4AC4-BFAD-657588E7EF1D}.Debug|Any CPU.Build.0 = Debug|Any CPU
		{AC36A29A-BA6F-4AC4-BFAD-657588E7EF1D}.Release|Any CPU.ActiveCfg = Release|Any CPU
		{AC36A29A-BA6F-4AC4-BFAD-657588E7EF1D}.Release|Any CPU.Build.0 = Release|Any CPU
		{58795299-AB2D-4960-8FA6-B9BAD846AFC2}.Debug|Any CPU.ActiveCfg = Debug|Any CPU
		{58795299-AB2D-4960-8FA6-B9BAD846AFC2}.Debug|Any CPU.Build.0 = Debug|Any CPU
		{58795299-AB2D-4960-8FA6-B9BAD846AFC2}.Release|Any CPU.ActiveCfg = Release|Any CPU
		{58795299-AB2D-4960-8FA6-B9BAD846AFC2}.Release|Any CPU.Build.0 = Release|Any CPU
		{A153F97D-8F37-4302-93BC-A8F002AB4B5F}.Debug|Any CPU.ActiveCfg = Debug|Any CPU
		{A153F97D-8F37-4302-93BC-A8F002AB4B5F}.Debug|Any CPU.Build.0 = Debug|Any CPU
		{A153F97D-8F37-4302-93BC-A8F002AB4B5F}.Release|Any CPU.ActiveCfg = Release|Any CPU
		{A153F97D-8F37-4302-93BC-A8F002AB4B5F}.Release|Any CPU.Build.0 = Release|Any CPU
		{9BFA2F19-3D2E-4DE2-9230-4D222E69E833}.Debug|Any CPU.ActiveCfg = Debug|Any CPU
		{9BFA2F19-3D2E-4DE2-9230-4D222E69E833}.Debug|Any CPU.Build.0 = Debug|Any CPU
		{9BFA2F19-3D2E-4DE2-9230-4D222E69E833}.Release|Any CPU.ActiveCfg = Release|Any CPU
		{9BFA2F19-3D2E-4DE2-9230-4D222E69E833}.Release|Any CPU.Build.0 = Release|Any CPU
		{1F56F9D1-7DD6-41F0-8D92-989C3EEB034E}.Debug|Any CPU.ActiveCfg = Debug|Any CPU
		{1F56F9D1-7DD6-41F0-8D92-989C3EEB034E}.Debug|Any CPU.Build.0 = Debug|Any CPU
		{1F56F9D1-7DD6-41F0-8D92-989C3EEB034E}.Release|Any CPU.ActiveCfg = Release|Any CPU
		{1F56F9D1-7DD6-41F0-8D92-989C3EEB034E}.Release|Any CPU.Build.0 = Release|Any CPU
		{122C5D0C-8895-4626-9871-DA7B5464054D}.Debug|Any CPU.ActiveCfg = Debug|Any CPU
		{122C5D0C-8895-4626-9871-DA7B5464054D}.Debug|Any CPU.Build.0 = Debug|Any CPU
		{122C5D0C-8895-4626-9871-DA7B5464054D}.Release|Any CPU.ActiveCfg = Release|Any CPU
		{122C5D0C-8895-4626-9871-DA7B5464054D}.Release|Any CPU.Build.0 = Release|Any CPU
		{75B39054-36DA-4ACB-8CD5-1BE02BD43E5A}.Debug|Any CPU.ActiveCfg = Debug|Any CPU
		{75B39054-36DA-4ACB-8CD5-1BE02BD43E5A}.Debug|Any CPU.Build.0 = Debug|Any CPU
		{75B39054-36DA-4ACB-8CD5-1BE02BD43E5A}.Release|Any CPU.ActiveCfg = Release|Any CPU
		{75B39054-36DA-4ACB-8CD5-1BE02BD43E5A}.Release|Any CPU.Build.0 = Release|Any CPU
		{CF991185-3568-480F-88CB-BC1D0AD9FE56}.Debug|Any CPU.ActiveCfg = Debug|Any CPU
		{CF991185-3568-480F-88CB-BC1D0AD9FE56}.Debug|Any CPU.Build.0 = Debug|Any CPU
		{CF991185-3568-480F-88CB-BC1D0AD9FE56}.Release|Any CPU.ActiveCfg = Release|Any CPU
		{CF991185-3568-480F-88CB-BC1D0AD9FE56}.Release|Any CPU.Build.0 = Release|Any CPU
		{2929F3D8-4F83-41B8-AADD-C47EAC6DA656}.Debug|Any CPU.ActiveCfg = Debug|Any CPU
		{2929F3D8-4F83-41B8-AADD-C47EAC6DA656}.Debug|Any CPU.Build.0 = Debug|Any CPU
		{2929F3D8-4F83-41B8-AADD-C47EAC6DA656}.Release|Any CPU.ActiveCfg = Release|Any CPU
		{2929F3D8-4F83-41B8-AADD-C47EAC6DA656}.Release|Any CPU.Build.0 = Release|Any CPU
		{014FCA92-4829-4FEB-93BE-17502D1DE6F0}.Debug|Any CPU.ActiveCfg = Debug|Any CPU
		{014FCA92-4829-4FEB-93BE-17502D1DE6F0}.Debug|Any CPU.Build.0 = Debug|Any CPU
		{014FCA92-4829-4FEB-93BE-17502D1DE6F0}.Release|Any CPU.ActiveCfg = Release|Any CPU
		{014FCA92-4829-4FEB-93BE-17502D1DE6F0}.Release|Any CPU.Build.0 = Release|Any CPU
		{70166857-4060-4884-A9BD-3BEC106AE258}.Debug|Any CPU.ActiveCfg = Debug|Any CPU
		{70166857-4060-4884-A9BD-3BEC106AE258}.Debug|Any CPU.Build.0 = Debug|Any CPU
		{70166857-4060-4884-A9BD-3BEC106AE258}.Release|Any CPU.ActiveCfg = Release|Any CPU
		{70166857-4060-4884-A9BD-3BEC106AE258}.Release|Any CPU.Build.0 = Release|Any CPU
		{5A293A7D-7954-4F2F-AB7C-967E9A1A71F8}.Debug|Any CPU.ActiveCfg = Debug|Any CPU
		{5A293A7D-7954-4F2F-AB7C-967E9A1A71F8}.Debug|Any CPU.Build.0 = Debug|Any CPU
		{5A293A7D-7954-4F2F-AB7C-967E9A1A71F8}.Release|Any CPU.ActiveCfg = Release|Any CPU
		{5A293A7D-7954-4F2F-AB7C-967E9A1A71F8}.Release|Any CPU.Build.0 = Release|Any CPU
		{F7148799-BBCD-4205-871D-B7E803F39DCA}.Debug|Any CPU.ActiveCfg = Debug|Any CPU
		{F7148799-BBCD-4205-871D-B7E803F39DCA}.Debug|Any CPU.Build.0 = Debug|Any CPU
		{F7148799-BBCD-4205-871D-B7E803F39DCA}.Release|Any CPU.ActiveCfg = Release|Any CPU
		{F7148799-BBCD-4205-871D-B7E803F39DCA}.Release|Any CPU.Build.0 = Release|Any CPU
		{D1BFBBD6-2049-4774-9A13-47F5CEEB7164}.Debug|Any CPU.ActiveCfg = Debug|Any CPU
		{D1BFBBD6-2049-4774-9A13-47F5CEEB7164}.Debug|Any CPU.Build.0 = Debug|Any CPU
		{D1BFBBD6-2049-4774-9A13-47F5CEEB7164}.Release|Any CPU.ActiveCfg = Release|Any CPU
		{D1BFBBD6-2049-4774-9A13-47F5CEEB7164}.Release|Any CPU.Build.0 = Release|Any CPU
		{F8F1748E-2E7B-4C64-B69D-446D166B4F50}.Debug|Any CPU.ActiveCfg = Debug|Any CPU
		{F8F1748E-2E7B-4C64-B69D-446D166B4F50}.Debug|Any CPU.Build.0 = Debug|Any CPU
		{F8F1748E-2E7B-4C64-B69D-446D166B4F50}.Release|Any CPU.ActiveCfg = Release|Any CPU
		{F8F1748E-2E7B-4C64-B69D-446D166B4F50}.Release|Any CPU.Build.0 = Release|Any CPU
		{9BB8A6E4-8589-4ADF-A3F4-61C3BDD34338}.Debug|Any CPU.ActiveCfg = Debug|Any CPU
		{9BB8A6E4-8589-4ADF-A3F4-61C3BDD34338}.Debug|Any CPU.Build.0 = Debug|Any CPU
		{9BB8A6E4-8589-4ADF-A3F4-61C3BDD34338}.Release|Any CPU.ActiveCfg = Release|Any CPU
		{9BB8A6E4-8589-4ADF-A3F4-61C3BDD34338}.Release|Any CPU.Build.0 = Release|Any CPU
		{9130B3EE-D4C3-4A21-9058-6E35639B368C}.Debug|Any CPU.ActiveCfg = Debug|Any CPU
		{9130B3EE-D4C3-4A21-9058-6E35639B368C}.Debug|Any CPU.Build.0 = Debug|Any CPU
		{9130B3EE-D4C3-4A21-9058-6E35639B368C}.Release|Any CPU.ActiveCfg = Release|Any CPU
		{9130B3EE-D4C3-4A21-9058-6E35639B368C}.Release|Any CPU.Build.0 = Release|Any CPU
		{4C94F0BB-98C0-44FF-BEB1-E9A2E3D98BB8}.Debug|Any CPU.ActiveCfg = Debug|Any CPU
		{4C94F0BB-98C0-44FF-BEB1-E9A2E3D98BB8}.Debug|Any CPU.Build.0 = Debug|Any CPU
		{4C94F0BB-98C0-44FF-BEB1-E9A2E3D98BB8}.Release|Any CPU.ActiveCfg = Release|Any CPU
		{4C94F0BB-98C0-44FF-BEB1-E9A2E3D98BB8}.Release|Any CPU.Build.0 = Release|Any CPU
	EndGlobalSection
	GlobalSection(SolutionProperties) = preSolution
		HideSolutionNode = FALSE
	EndGlobalSection
EndGlobal
